PODS:
  - Analytics (3.8.1)
  - TestMeLib (0.1.0)

DEPENDENCIES:
  - Analytics (= 3.8.1)
  - TestMeLib (= 0.1.0)

SPEC REPOS:
  https://github.com/asoneji/test-pods-repo.git:
    - TestMeLib
  trunk:
    - Analytics

SPEC CHECKSUMS:
  Analytics: 45b1faec509367a99c7b788cc5389180c43fe3fc
  TestMeLib: 01cca72caf9a2b4ca9335aeada99a7c0da357959

PODFILE CHECKSUM: be1edcfccd2e7a80a49b51e366925f75488c7ebf

COCOAPODS: 1.9.3
